<Solution>
  <Folder Name="/src/">
    <Project Path="src/DtHub.App/DtHub.App.csproj" />
    <Project Path="src/DtHub.Core/DtHub.Core.csproj" />
    <Project Path="src/DtHub.Infrastructure/DtHub.Infrastructure.csproj" />
  </Folder>
  <!-- The launcher and the nine probes are in the solution so that they are
       at least built: outside it, sonde-icone rotted with nobody watching the
       day IAdbLocator changed. That is the reasoning of D49, applied to the
       five that were still waiting for it, and to the launcher the desktop
       shortcut now depends on. -->
  <Folder Name="/build/">
    <Project Path="build/lanceur/lanceur.csproj" />
    <Project Path="build/sonde-bordure/sonde-bordure.csproj" />
    <Project Path="build/sonde-focus/sonde-focus.csproj" />
    <Project Path="build/sonde-icone/sonde-icone.csproj" />
    <Project Path="build/sonde-papycha/sonde-papycha.csproj" />
    <Project Path="build/sonde-pont/sonde-pont.csproj" />
    <Project Path="build/sonde-rang/sonde-rang.csproj" />
    <Project Path="build/sonde-reglages/sonde-reglages.csproj" />
    <Project Path="build/sonde-usb/sonde-usb.csproj" />
    <Project Path="build/sonde-voisines/sonde-voisines.csproj" />
  </Folder>
  <Folder Name="/tests/">
    <Project Path="tests/DtHub.Tests/DtHub.Tests.csproj" />
  </Folder>
</Solution>
